<?xml version="1.0" encoding="utf-8"?>
<Project ToolsVersion="4.0" xmlns="http://schemas.microsoft.com/developer/msbuild/2003">
  <ItemGroup>
    <Filter Include="Source Files">
      <UniqueIdentifier>{4FC737F1-C7A5-4376-A066-2A32D752A2FF}</UniqueIdentifier>
      <Extensions>cpp;c;cc;cxx;def;odl;idl;hpj;bat;asm;asmx</Extensions>
    </Filter>
    <Filter Include="Header Files">
      <UniqueIdentifier>{93995380-89BD-4b04-88EB-625FBE52EBFB}</UniqueIdentifier>
      <Extensions>h;hh;hpp;hxx;hm;inl;inc;xsd</Extensions>
    </Filter>
    <Filter Include="Resource Files">
      <UniqueIdentifier>{67DA6AB6-F800-4c08-8B7A-83BB121AAD01}</UniqueIdentifier>
      <Extensions>rc;ico;cur;bmp;dlg;rc2;rct;bin;rgs;gif;jpg;jpeg;jpe;resx;tiff;tif;png;wav;mfcribbon-ms</Extensions>
    </Filter>
    <Filter Include="Source Files\xmpp">
      <UniqueIdentifier>{05e43651-9e81-40bc-ace0-8d7a1de42506}</UniqueIdentifier>
    </Filter>
    <Filter Include="Source Files\detail">
      <UniqueIdentifier>{20f17808-1311-4931-ab91-6d9966474040}</UniqueIdentifier>
    </Filter>
  </ItemGroup>
  <ItemGroup>
    <ClInclude Include="..\..\source\messenger_impl.h">
      <Filter>Source Files</Filter>
    </ClInclude>
    <ClInclude Include="..\..\include\messenger\callbacks.h">
      <Filter>Header Files</Filter>
    </ClInclude>
    <ClInclude Include="..\..\include\messenger\messenger.h">
      <Filter>Header Files</Filter>
    </ClInclude>
    <ClInclude Include="..\..\include\messenger\observers.h">
      <Filter>Header Files</Filter>
    </ClInclude>
    <ClInclude Include="..\..\include\messenger\settings.h">
      <Filter>Header Files</Filter>
    </ClInclude>
    <ClInclude Include="..\..\include\messenger\types.h">
      <Filter>Header Files</Filter>
    </ClInclude>
    <ClInclude Include="..\..\source\xmpp\xmpp_connection.h">
      <Filter>Source Files\xmpp</Filter>
    </ClInclude>
    <ClInclude Include="..\..\source\xmpp\xmpp_context.h">
      <Filter>Source Files\xmpp</Filter>
    </ClInclude>
    <ClInclude Include="..\..\source\xmpp\xmpp_env.h">
      <Filter>Source Files\xmpp</Filter>
    </ClInclude>
    <ClInclude Include="..\..\source\xmpp\xmpp_logger.h">
      <Filter>Source Files\xmpp</Filter>
    </ClInclude>
    <ClInclude Include="..\..\source\xmpp\xmpp_stanza.h">
      <Filter>Source Files\xmpp</Filter>
    </ClInclude>
    <ClInclude Include="..\..\source\xmpp\xmpp_stanza_builder.h">
      <Filter>Source Files\xmpp</Filter>
    </ClInclude>
    <ClInclude Include="..\..\source\xmpp\xmpp_stanza_id.h">
      <Filter>Source Files\xmpp</Filter>
    </ClInclude>
    <ClInclude Include="..\..\source\xmpp\xmpp_stanza_parser.h">
      <Filter>Source Files\xmpp</Filter>
    </ClInclude>
    <ClInclude Include="..\..\source\detail\base64.h">
      <Filter>Source Files\detail</Filter>
    </ClInclude>
    <ClInclude Include="..\..\source\detail\uuid.h">
      <Filter>Source Files\detail</Filter>
    </ClInclude>
  </ItemGroup>
  <ItemGroup>
    <ClCompile Include="..\..\source\messenger_impl.cpp">
      <Filter>Source Files</Filter>
    </ClCompile>
    <ClCompile Include="..\..\source\xmpp\xmpp_connection.cpp">
      <Filter>Source Files\xmpp</Filter>
    </ClCompile>
    <ClCompile Include="..\..\source\xmpp\xmpp_context.cpp">
      <Filter>Source Files\xmpp</Filter>
    </ClCompile>
    <ClCompile Include="..\..\source\xmpp\xmpp_env.cpp">
      <Filter>Source Files\xmpp</Filter>
    </ClCompile>
    <ClCompile Include="..\..\source\xmpp\xmpp_logger.cpp">
      <Filter>Source Files\xmpp</Filter>
    </ClCompile>
    <ClCompile Include="..\..\source\xmpp\xmpp_stanza.cpp">
      <Filter>Source Files\xmpp</Filter>
    </ClCompile>
    <ClCompile Include="..\..\source\xmpp\xmpp_stanza_builder.cpp">
      <Filter>Source Files\xmpp</Filter>
    </ClCompile>
    <ClCompile Include="..\..\source\xmpp\xmpp_stanza_id.cpp">
      <Filter>Source Files\xmpp</Filter>
    </ClCompile>
    <ClCompile Include="..\..\source\xmpp\xmpp_stanza_parser.cpp">
      <Filter>Source Files\xmpp</Filter>
    </ClCompile>
    <ClCompile Include="..\..\source\detail\base64.cpp">
      <Filter>Source Files\detail</Filter>
    </ClCompile>
    <ClCompile Include="..\..\source\detail\uuid.cpp">
      <Filter>Source Files\detail</Filter>
    </ClCompile>
    <ClCompile Include="..\..\source\xmpp\xmpp_logger_android.cpp">
      <Filter>Source Files\xmpp</Filter>
    </ClCompile>
  </ItemGroup>
</Project>